
Microsoft Visual Studio Solution File, Format Version 12.00
# Visual Studio 15
VisualStudioVersion = 15.0.26730.16
MinimumVisualStudioVersion = 10.0.40219.1
Project("{FAE04EC0-301F-11D3-BF4B-00C04F79EFBC}") = "WindowsFormsApp6", "WindowsFormsApp6\WindowsFormsApp6.csproj", "{E5C2EBA8-2730-43F5-93B2-5C478D6E1A13}"
EndProject
Global
	GlobalSection(SolutionConfigurationPlatforms) = preSolution
		Debug|Any CPU = Debug|Any CPU
		Release|Any CPU = Release|Any CPU
	EndGlobalSection
	GlobalSection(ProjectConfigurationPlatforms) = postSolution
		{E5C2EBA8-2730-43F5-93B2-5C478D6E1A13}.Debug|Any CPU.ActiveCfg = Debug|Any CPU
		{E5C2EBA8-2730-43F5-93B2-5C478D6E1A13}.Debug|Any CPU.Build.0 = Debug|Any CPU
		{E5C2EBA8-2730-43F5-93B2-5C478D6E1A13}.Release|Any CPU.ActiveCfg = Release|Any CPU
		{E5C2EBA8-2730-43F5-93B2-5C478D6E1A13}.Release|Any CPU.Build.0 = Release|Any CPU
	EndGlobalSection
	GlobalSection(SolutionProperties) = preSolution
		HideSolutionNode = FALSE
	EndGlobalSection
	GlobalSection(ExtensibilityGlobals) = postSolution
		SolutionGuid = {A9391FC0-AA1F-44E9-A894-03B0ECF8743E}
	EndGlobalSection
EndGlobal
